
Microsoft Visual Studio Solution File, Format Version 12.00
Project("{FAE04EC0-301F-11D3-BF4B-00C04F79EFBC}") = "options-test", "options-test.csproj", "{52CF3586-B90E-482E-AD21-81E986090F36}"
EndProject
Project("{2150E333-8FDC-42A3-9474-1A3956D46DE8}") = "Solution Items", "Solution Items", "{0ABBA72C-A6F4-496B-8436-9C5E220D9FA1}"
	ProjectSection(SolutionItems) = preProject
		docker-compose.yml = docker-compose.yml
	EndProjectSection
EndProject
Global
	GlobalSection(SolutionConfigurationPlatforms) = preSolution
		Debug|Any CPU = Debug|Any CPU
		Release|Any CPU = Release|Any CPU
	EndGlobalSection
	GlobalSection(ProjectConfigurationPlatforms) = postSolution
		{52CF3586-B90E-482E-AD21-81E986090F36}.Debug|Any CPU.ActiveCfg = Debug|Any CPU
		{52CF3586-B90E-482E-AD21-81E986090F36}.Debug|Any CPU.Build.0 = Debug|Any CPU
		{52CF3586-B90E-482E-AD21-81E986090F36}.Release|Any CPU.ActiveCfg = Release|Any CPU
		{52CF3586-B90E-482E-AD21-81E986090F36}.Release|Any CPU.Build.0 = Release|Any CPU
	EndGlobalSection
EndGlobal
